
Microsoft Visual Studio Solution File, Format Version 12.00
# Visual Studio Version 17
VisualStudioVersion = 17.4.35026.314
MinimumVisualStudioVersion = 10.0.40219.1
Project("{FAE04EC0-301F-11D3-BF4B-00C04F79EFBC}") = "MyQueue", "MyQueue\MyQueue.csproj", "{8713CBA4-C9D2-437E-83C4-1CDA27683C56}"
EndProject
Global
	GlobalSection(SolutionConfigurationPlatforms) = preSolution
		Debug|Any CPU = Debug|Any CPU
		Release|Any CPU = Release|Any CPU
	EndGlobalSection
	GlobalSection(ProjectConfigurationPlatforms) = postSolution
		{8713CBA4-C9D2-437E-83C4-1CDA27683C56}.Debug|Any CPU.ActiveCfg = Debug|Any CPU
		{8713CBA4-C9D2-437E-83C4-1CDA27683C56}.Debug|Any CPU.Build.0 = Debug|Any CPU
		{8713CBA4-C9D2-437E-83C4-1CDA27683C56}.Release|Any CPU.ActiveCfg = Release|Any CPU
		{8713CBA4-C9D2-437E-83C4-1CDA27683C56}.Release|Any CPU.Build.0 = Release|Any CPU
	EndGlobalSection
	GlobalSection(SolutionProperties) = preSolution
		HideSolutionNode = FALSE
	EndGlobalSection
	GlobalSection(ExtensibilityGlobals) = postSolution
		SolutionGuid = {A0A09505-4D07-4412-9019-B0E0C43F8119}
	EndGlobalSection
EndGlobal
